
Microsoft Visual Studio Solution File, Format Version 12.00
# Visual Studio 15
VisualStudioVersion = 15.0.26730.16
MinimumVisualStudioVersion = 10.0.40219.1
Project("{FAE04EC0-301F-11D3-BF4B-00C04F79EFBC}") = "ProductList", "ProductList\ProductList.csproj", "{637DEEBB-92AD-4FEB-8CBD-0CEC89E2AACE}"
EndProject
Global
	GlobalSection(SolutionConfigurationPlatforms) = preSolution
		Debug|Any CPU = Debug|Any CPU
		Release|Any CPU = Release|Any CPU
	EndGlobalSection
	GlobalSection(ProjectConfigurationPlatforms) = postSolution
		{637DEEBB-92AD-4FEB-8CBD-0CEC89E2AACE}.Debug|Any CPU.ActiveCfg = Debug|Any CPU
		{637DEEBB-92AD-4FEB-8CBD-0CEC89E2AACE}.Debug|Any CPU.Build.0 = Debug|Any CPU
		{637DEEBB-92AD-4FEB-8CBD-0CEC89E2AACE}.Release|Any CPU.ActiveCfg = Release|Any CPU
		{637DEEBB-92AD-4FEB-8CBD-0CEC89E2AACE}.Release|Any CPU.Build.0 = Release|Any CPU
	EndGlobalSection
	GlobalSection(SolutionProperties) = preSolution
		HideSolutionNode = FALSE
	EndGlobalSection
	GlobalSection(ExtensibilityGlobals) = postSolution
		SolutionGuid = {6D402661-BDDD-406B-A783-5A948D9AC37F}
	EndGlobalSection
EndGlobal
